{
  "object": {
    "pins": [
      {
        "package": "Bolts",
        "repositoryURL": "https://github.com/mman/Bolts-ObjC.git",
        "state": {
          "branch": "spm",
          "revision": "280ce884d7c64aaf98f4f191b213dbaa0f854981",
          "version": null
        }
      },
      {
        "package": "OCMock",
        "repositoryURL": "https://github.com/erikdoe/ocmock.git",
        "state": {
          "branch": "master",
          "revision": "afd2c6924e8a36cb872bc475248b978f743c6050",
          "version": null
        }
      }
    ]
  },
  "version": 1
}
