// !$*UTF8*$!
{
	archiveVersion = 1;
	classes = {
	};
	objectVersion = 46;
	objects = {

/* Begin PBXBuildFile section */
		7C605F4A292BC22A00E4B6D2 /* Bolts.framework in Frameworks */ = {isa = PBXBuildFile; fileRef = 7C605F39292BC22300E4B6D2 /* Bolts.framework */; };
		7C605F4B292BC23000E4B6D2 /* Parse.framework in Frameworks */ = {isa = PBXBuildFile; fileRef = 7C605F19292BC22000E4B6D2 /* Parse.framework */; };
		814C3AD21B69887B00E307BB /* MainMenu.xib in Resources */ = {isa = PBXBuildFile; fileRef = 814C3ACE1B69887B00E307BB /* MainMenu.xib */; };
		814C3AD31B69887B00E307BB /* Images.xcassets in Resources */ = {isa = PBXBuildFile; fileRef = 814C3AD01B69887B00E307BB /* Images.xcassets */; };
		81CC85BE1A49F2E00076DE19 /* AppDelegate.swift in Sources */ = {isa = PBXBuildFile; fileRef = 81CC85BD1A49F2E00076DE19 /* AppDelegate.swift */; };
/* End PBXBuildFile section */

/* Begin PBXContainerItemProxy section */
		7C605F12292BC22000E4B6D2 /* PBXContainerItemProxy */ = {
			isa = PBXContainerItemProxy;
			containerPortal = 7C605F03292BC21F00E4B6D2 /* Parse.xcodeproj */;
			proxyType = 2;
			remoteGlobalIDString = 81C3821C19CCA89E0066284A;
			remoteInfo = "Parse-iOS";
		};
		7C605F14292BC22000E4B6D2 /* PBXContainerItemProxy */ = {
			isa = PBXContainerItemProxy;
			containerPortal = 7C605F03292BC21F00E4B6D2 /* Parse.xcodeproj */;
			proxyType = 2;
			remoteGlobalIDString = 81C5845D1C3B0A98000063C6;
			remoteInfo = "Parse-iOS-Dynamic";
		};
		7C605F16292BC22000E4B6D2 /* PBXContainerItemProxy */ = {
			isa = PBXContainerItemProxy;
			containerPortal = 7C605F03292BC21F00E4B6D2 /* Parse.xcodeproj */;
			proxyType = 2;
			remoteGlobalIDString = 816F449B1A8E8933009CDB32;
			remoteInfo = "ParseUnitTests-iOS";
		};
		7C605F18292BC22000E4B6D2 /* PBXContainerItemProxy */ = {
			isa = PBXContainerItemProxy;
			containerPortal = 7C605F03292BC21F00E4B6D2 /* Parse.xcodeproj */;
			proxyType = 2;
			remoteGlobalIDString = 97010FAC1630B18F00AB761E;
			remoteInfo = "Parse-macOS";
		};
		7C605F1A292BC22000E4B6D2 /* PBXContainerItemProxy */ = {
			isa = PBXContainerItemProxy;
			containerPortal = 7C605F03292BC21F00E4B6D2 /* Parse.xcodeproj */;
			proxyType = 2;
			remoteGlobalIDString = 81C09F861AF97A490043B49C;
			remoteInfo = "ParseUnitTests-macOS";
		};
		7C605F1C292BC22000E4B6D2 /* PBXContainerItemProxy */ = {
			isa = PBXContainerItemProxy;
			containerPortal = 7C605F03292BC21F00E4B6D2 /* Parse.xcodeproj */;
			proxyType = 2;
			remoteGlobalIDString = 815F24151BD04D150054659F;
			remoteInfo = "Parse-tvOS";
		};
		7C605F1E292BC22000E4B6D2 /* PBXContainerItemProxy */ = {
			isa = PBXContainerItemProxy;
			containerPortal = 7C605F03292BC21F00E4B6D2 /* Parse.xcodeproj */;
			proxyType = 2;
			remoteGlobalIDString = 81C585BF1C3B0AA1000063C6;
			remoteInfo = "Parse-tvOS-Dynamic";
		};
		7C605F20292BC22000E4B6D2 /* PBXContainerItemProxy */ = {
			isa = PBXContainerItemProxy;
			containerPortal = 7C605F03292BC21F00E4B6D2 /* Parse.xcodeproj */;
			proxyType = 2;
			remoteGlobalIDString = 810156691BB3832700D7C7BD;
			remoteInfo = "Parse-watchOS";
		};
		7C605F22292BC22000E4B6D2 /* PBXContainerItemProxy */ = {
			isa = PBXContainerItemProxy;
			containerPortal = 7C605F03292BC21F00E4B6D2 /* Parse.xcodeproj */;
			proxyType = 2;
			remoteGlobalIDString = 81C5870F1C3B0AA9000063C6;
			remoteInfo = "Parse-watchOS-Dynamic";
		};
		7C605F24292BC22000E4B6D2 /* PBXContainerItemProxy */ = {
			isa = PBXContainerItemProxy;
			containerPortal = 7C605F03292BC21F00E4B6D2 /* Parse.xcodeproj */;
			proxyType = 2;
			remoteGlobalIDString = 4AE33A0B1F5451AD0088DCA0;
			remoteInfo = "ParseUnitTests-iOS-host";
		};
		7C605F34292BC22300E4B6D2 /* PBXContainerItemProxy */ = {
			isa = PBXContainerItemProxy;
			containerPortal = 7C605F26292BC22200E4B6D2 /* Bolts.xcodeproj */;
			proxyType = 2;
			remoteGlobalIDString = 81ED94291BE147CF00795F05;
			remoteInfo = "Bolts-iOS";
		};
		7C605F36292BC22300E4B6D2 /* PBXContainerItemProxy */ = {
			isa = PBXContainerItemProxy;
			containerPortal = 7C605F26292BC22200E4B6D2 /* Bolts.xcodeproj */;
			proxyType = 2;
			remoteGlobalIDString = 1D5D7DD31BE3CE8200FD67C7;
			remoteInfo = "Bolts-iOS-Dynamic";
		};
		7C605F38292BC22300E4B6D2 /* PBXContainerItemProxy */ = {
			isa = PBXContainerItemProxy;
			containerPortal = 7C605F26292BC22200E4B6D2 /* Bolts.xcodeproj */;
			proxyType = 2;
			remoteGlobalIDString = 81ED946E1BE14B5200795F05;
			remoteInfo = "Bolts-macOS";
		};
		7C605F3A292BC22300E4B6D2 /* PBXContainerItemProxy */ = {
			isa = PBXContainerItemProxy;
			containerPortal = 7C605F26292BC22200E4B6D2 /* Bolts.xcodeproj */;
			proxyType = 2;
			remoteGlobalIDString = F5AFCA021BA752750076E927;
			remoteInfo = "Bolts-tvOS";
		};
		7C605F3C292BC22300E4B6D2 /* PBXContainerItemProxy */ = {
			isa = PBXContainerItemProxy;
			containerPortal = 7C605F26292BC22200E4B6D2 /* Bolts.xcodeproj */;
			proxyType = 2;
			remoteGlobalIDString = 81E94D6A1C2B8BF200A6291E;
			remoteInfo = "Bolts-tvOS-Dynamic";
		};
		7C605F3E292BC22300E4B6D2 /* PBXContainerItemProxy */ = {
			isa = PBXContainerItemProxy;
			containerPortal = 7C605F26292BC22200E4B6D2 /* Bolts.xcodeproj */;
			proxyType = 2;
			remoteGlobalIDString = 8178F99C1BB0F87700AD289D;
			remoteInfo = "Bolts-watchOS";
		};
		7C605F40292BC22300E4B6D2 /* PBXContainerItemProxy */ = {
			isa = PBXContainerItemProxy;
			containerPortal = 7C605F26292BC22200E4B6D2 /* Bolts.xcodeproj */;
			proxyType = 2;
			remoteGlobalIDString = 819573F11C2B8ECB00BFCA39;
			remoteInfo = "Bolts-watchOS-Dynamic";
		};
		7C605F42292BC22300E4B6D2 /* PBXContainerItemProxy */ = {
			isa = PBXContainerItemProxy;
			containerPortal = 7C605F26292BC22200E4B6D2 /* Bolts.xcodeproj */;
			proxyType = 2;
			remoteGlobalIDString = 8E8C8EE917F23D1D00E3F1C7;
			remoteInfo = "BoltsTests-iOS";
		};
		7C605F44292BC22300E4B6D2 /* PBXContainerItemProxy */ = {
			isa = PBXContainerItemProxy;
			containerPortal = 7C605F26292BC22200E4B6D2 /* Bolts.xcodeproj */;
			proxyType = 2;
			remoteGlobalIDString = 8E8C8F1917F241DA00E3F1C7;
			remoteInfo = "BoltsTests-macOS";
		};
		7C605F46292BC22300E4B6D2 /* PBXContainerItemProxy */ = {
			isa = PBXContainerItemProxy;
			containerPortal = 7C605F26292BC22200E4B6D2 /* Bolts.xcodeproj */;
			proxyType = 2;
			remoteGlobalIDString = F5AFCA131BA752770076E927;
			remoteInfo = "BoltsTests-tvOS";
		};
		7C605F48292BC22300E4B6D2 /* PBXContainerItemProxy */ = {
			isa = PBXContainerItemProxy;
			containerPortal = 7C605F26292BC22200E4B6D2 /* Bolts.xcodeproj */;
			proxyType = 2;
			remoteGlobalIDString = 1EC3016018CDAA8400D06D07;
			remoteInfo = BoltsTestUI;
		};
/* End PBXContainerItemProxy section */

/* Begin PBXCopyFilesBuildPhase section */
		81CC85DE1A49F5340076DE19 /* CopyFiles */ = {
			isa = PBXCopyFilesBuildPhase;
			buildActionMask = 2147483647;
			dstPath = "";
			dstSubfolderSpec = 10;
			files = (
			);
			runOnlyForDeploymentPostprocessing = 0;
		};
/* End PBXCopyFilesBuildPhase section */

/* Begin PBXFileReference section */
		7C605F03292BC21F00E4B6D2 /* Parse.xcodeproj */ = {isa = PBXFileReference; lastKnownFileType = "wrapper.pb-project"; name = Parse.xcodeproj; path = ../../../Parse/Parse.xcodeproj; sourceTree = "<group>"; };
		7C605F26292BC22200E4B6D2 /* Bolts.xcodeproj */ = {isa = PBXFileReference; lastKnownFileType = "wrapper.pb-project"; name = Bolts.xcodeproj; path = "../../../Carthage/Checkouts/Bolts-ObjC/Bolts.xcodeproj"; sourceTree = "<group>"; };
		814C3ACF1B69887B00E307BB /* Base */ = {isa = PBXFileReference; lastKnownFileType = file.xib; name = Base; path = Base.lproj/MainMenu.xib; sourceTree = "<group>"; };
		814C3AD01B69887B00E307BB /* Images.xcassets */ = {isa = PBXFileReference; lastKnownFileType = folder.assetcatalog; path = Images.xcassets; sourceTree = "<group>"; };
		814C3AD11B69887B00E307BB /* Info.plist */ = {isa = PBXFileReference; fileEncoding = 4; lastKnownFileType = text.plist.xml; path = Info.plist; sourceTree = "<group>"; };
		81CC85B81A49F2E00076DE19 /* ParseOSXStarterProject-Swift.app */ = {isa = PBXFileReference; explicitFileType = wrapper.application; includeInIndex = 0; path = "ParseOSXStarterProject-Swift.app"; sourceTree = BUILT_PRODUCTS_DIR; };
		81CC85BD1A49F2E00076DE19 /* AppDelegate.swift */ = {isa = PBXFileReference; lastKnownFileType = sourcecode.swift; path = AppDelegate.swift; sourceTree = "<group>"; };
/* End PBXFileReference section */

/* Begin PBXFrameworksBuildPhase section */
		81CC85B51A49F2E00076DE19 /* Frameworks */ = {
			isa = PBXFrameworksBuildPhase;
			buildActionMask = 2147483647;
			files = (
				7C605F4B292BC23000E4B6D2 /* Parse.framework in Frameworks */,
				7C605F4A292BC22A00E4B6D2 /* Bolts.framework in Frameworks */,
			);
			runOnlyForDeploymentPostprocessing = 0;
		};
/* End PBXFrameworksBuildPhase section */

/* Begin PBXGroup section */
		7C605F04292BC21F00E4B6D2 /* Products */ = {
			isa = PBXGroup;
			children = (
				7C605F13292BC22000E4B6D2 /* Parse.framework */,
				7C605F15292BC22000E4B6D2 /* Parse.framework */,
				7C605F17292BC22000E4B6D2 /* ParseUnitTests-iOS.xctest */,
				7C605F19292BC22000E4B6D2 /* Parse.framework */,
				7C605F1B292BC22000E4B6D2 /* ParseUnitTests-macOS.xctest */,
				7C605F1D292BC22000E4B6D2 /* Parse.framework */,
				7C605F1F292BC22000E4B6D2 /* Parse.framework */,
				7C605F21292BC22000E4B6D2 /* Parse.framework */,
				7C605F23292BC22000E4B6D2 /* Parse.framework */,
				7C605F25292BC22000E4B6D2 /* ParseUnitTests-iOS-host.app */,
			);
			name = Products;
			sourceTree = "<group>";
		};
		7C605F27292BC22200E4B6D2 /* Products */ = {
			isa = PBXGroup;
			children = (
				7C605F35292BC22300E4B6D2 /* Bolts.framework */,
				7C605F37292BC22300E4B6D2 /* Bolts.framework */,
				7C605F39292BC22300E4B6D2 /* Bolts.framework */,
				7C605F3B292BC22300E4B6D2 /* Bolts.framework */,
				7C605F3D292BC22300E4B6D2 /* Bolts.framework */,
				7C605F3F292BC22300E4B6D2 /* Bolts.framework */,
				7C605F41292BC22300E4B6D2 /* Bolts.framework */,
				7C605F43292BC22300E4B6D2 /* BoltsTests-iOS.xctest */,
				7C605F45292BC22300E4B6D2 /* BoltsTests-OSX.xctest */,
				7C605F47292BC22300E4B6D2 /* BoltsTests-tvOS.xctest */,
				7C605F49292BC22300E4B6D2 /* BoltsTestUI.app */,
			);
			name = Products;
			sourceTree = "<group>";
		};
		814C3ACD1B69887B00E307BB /* Resources */ = {
			isa = PBXGroup;
			children = (
				814C3AD01B69887B00E307BB /* Images.xcassets */,
				814C3AD11B69887B00E307BB /* Info.plist */,
			);
			path = Resources;
			sourceTree = "<group>";
		};
		81CC85AF1A49F2E00076DE19 = {
			isa = PBXGroup;
			children = (
				81CC85BA1A49F2E00076DE19 /* ParseOSXStarterProject */,
				814C3ACD1B69887B00E307BB /* Resources */,
				81CC85DC1A49F3DA0076DE19 /* Frameworks */,
				81CC85B91A49F2E00076DE19 /* Products */,
			);
			sourceTree = "<group>";
		};
		81CC85B91A49F2E00076DE19 /* Products */ = {
			isa = PBXGroup;
			children = (
				81CC85B81A49F2E00076DE19 /* ParseOSXStarterProject-Swift.app */,
			);
			name = Products;
			sourceTree = "<group>";
		};
		81CC85BA1A49F2E00076DE19 /* ParseOSXStarterProject */ = {
			isa = PBXGroup;
			children = (
				81CC85BD1A49F2E00076DE19 /* AppDelegate.swift */,
				814C3ACE1B69887B00E307BB /* MainMenu.xib */,
			);
			path = ParseOSXStarterProject;
			sourceTree = "<group>";
		};
		81CC85DC1A49F3DA0076DE19 /* Frameworks */ = {
			isa = PBXGroup;
			children = (
				7C605F26292BC22200E4B6D2 /* Bolts.xcodeproj */,
				7C605F03292BC21F00E4B6D2 /* Parse.xcodeproj */,
			);
			name = Frameworks;
			sourceTree = "<group>";
		};
/* End PBXGroup section */

/* Begin PBXNativeTarget section */
		81CC85B71A49F2E00076DE19 /* ParseOSXStarterProject-Swift */ = {
			isa = PBXNativeTarget;
			buildConfigurationList = 81CC85D21A49F2E00076DE19 /* Build configuration list for PBXNativeTarget "ParseOSXStarterProject-Swift" */;
			buildPhases = (
				81CC85B41A49F2E00076DE19 /* Sources */,
				81CC85B51A49F2E00076DE19 /* Frameworks */,
				81CC85B61A49F2E00076DE19 /* Resources */,
				81CC85DE1A49F5340076DE19 /* CopyFiles */,
			);
			buildRules = (
			);
			dependencies = (
			);
			name = "ParseOSXStarterProject-Swift";
			productName = ParseOSXStarterProject;
			productReference = 81CC85B81A49F2E00076DE19 /* ParseOSXStarterProject-Swift.app */;
			productType = "com.apple.product-type.application";
		};
/* End PBXNativeTarget section */

/* Begin PBXProject section */
		81CC85B01A49F2E00076DE19 /* Project object */ = {
			isa = PBXProject;
			attributes = {
				LastSwiftUpdateCheck = 0700;
				LastUpgradeCheck = 1120;
				ORGANIZATIONNAME = Parse;
				TargetAttributes = {
					81CC85B71A49F2E00076DE19 = {
						CreatedOnToolsVersion = 6.1.1;
						LastSwiftMigration = 0830;
					};
				};
			};
			buildConfigurationList = 81CC85B31A49F2E00076DE19 /* Build configuration list for PBXProject "ParseOSXStarterProject-Swift" */;
			compatibilityVersion = "Xcode 3.2";
			developmentRegion = en;
			hasScannedForEncodings = 0;
			knownRegions = (
				en,
				Base,
			);
			mainGroup = 81CC85AF1A49F2E00076DE19;
			productRefGroup = 81CC85B91A49F2E00076DE19 /* Products */;
			projectDirPath = "";
			projectReferences = (
				{
					ProductGroup = 7C605F27292BC22200E4B6D2 /* Products */;
					ProjectRef = 7C605F26292BC22200E4B6D2 /* Bolts.xcodeproj */;
				},
				{
					ProductGroup = 7C605F04292BC21F00E4B6D2 /* Products */;
					ProjectRef = 7C605F03292BC21F00E4B6D2 /* Parse.xcodeproj */;
				},
			);
			projectRoot = "";
			targets = (
				81CC85B71A49F2E00076DE19 /* ParseOSXStarterProject-Swift */,
			);
		};
/* End PBXProject section */

/* Begin PBXReferenceProxy section */
		7C605F13292BC22000E4B6D2 /* Parse.framework */ = {
			isa = PBXReferenceProxy;
			fileType = wrapper.framework;
			path = Parse.framework;
			remoteRef = 7C605F12292BC22000E4B6D2 /* PBXContainerItemProxy */;
			sourceTree = BUILT_PRODUCTS_DIR;
		};
		7C605F15292BC22000E4B6D2 /* Parse.framework */ = {
			isa = PBXReferenceProxy;
			fileType = wrapper.framework;
			path = Parse.framework;
			remoteRef = 7C605F14292BC22000E4B6D2 /* PBXContainerItemProxy */;
			sourceTree = BUILT_PRODUCTS_DIR;
		};
		7C605F17292BC22000E4B6D2 /* ParseUnitTests-iOS.xctest */ = {
			isa = PBXReferenceProxy;
			fileType = wrapper.cfbundle;
			path = "ParseUnitTests-iOS.xctest";
			remoteRef = 7C605F16292BC22000E4B6D2 /* PBXContainerItemProxy */;
			sourceTree = BUILT_PRODUCTS_DIR;
		};
		7C605F19292BC22000E4B6D2 /* Parse.framework */ = {
			isa = PBXReferenceProxy;
			fileType = wrapper.framework;
			path = Parse.framework;
			remoteRef = 7C605F18292BC22000E4B6D2 /* PBXContainerItemProxy */;
			sourceTree = BUILT_PRODUCTS_DIR;
		};
		7C605F1B292BC22000E4B6D2 /* ParseUnitTests-macOS.xctest */ = {
			isa = PBXReferenceProxy;
			fileType = wrapper.cfbundle;
			path = "ParseUnitTests-macOS.xctest";
			remoteRef = 7C605F1A292BC22000E4B6D2 /* PBXContainerItemProxy */;
			sourceTree = BUILT_PRODUCTS_DIR;
		};
		7C605F1D292BC22000E4B6D2 /* Parse.framework */ = {
			isa = PBXReferenceProxy;
			fileType = wrapper.framework;
			path = Parse.framework;
			remoteRef = 7C605F1C292BC22000E4B6D2 /* PBXContainerItemProxy */;
			sourceTree = BUILT_PRODUCTS_DIR;
		};
		7C605F1F292BC22000E4B6D2 /* Parse.framework */ = {
			isa = PBXReferenceProxy;
			fileType = wrapper.framework;
			path = Parse.framework;
			remoteRef = 7C605F1E292BC22000E4B6D2 /* PBXContainerItemProxy */;
			sourceTree = BUILT_PRODUCTS_DIR;
		};
		7C605F21292BC22000E4B6D2 /* Parse.framework */ = {
			isa = PBXReferenceProxy;
			fileType = wrapper.framework;
			path = Parse.framework;
			remoteRef = 7C605F20292BC22000E4B6D2 /* PBXContainerItemProxy */;
			sourceTree = BUILT_PRODUCTS_DIR;
		};
		7C605F23292BC22000E4B6D2 /* Parse.framework */ = {
			isa = PBXReferenceProxy;
			fileType = wrapper.framework;
			path = Parse.framework;
			remoteRef = 7C605F22292BC22000E4B6D2 /* PBXContainerItemProxy */;
			sourceTree = BUILT_PRODUCTS_DIR;
		};
		7C605F25292BC22000E4B6D2 /* ParseUnitTests-iOS-host.app */ = {
			isa = PBXReferenceProxy;
			fileType = wrapper.application;
			path = "ParseUnitTests-iOS-host.app";
			remoteRef = 7C605F24292BC22000E4B6D2 /* PBXContainerItemProxy */;
			sourceTree = BUILT_PRODUCTS_DIR;
		};
		7C605F35292BC22300E4B6D2 /* Bolts.framework */ = {
			isa = PBXReferenceProxy;
			fileType = wrapper.framework;
			path = Bolts.framework;
			remoteRef = 7C605F34292BC22300E4B6D2 /* PBXContainerItemProxy */;
			sourceTree = BUILT_PRODUCTS_DIR;
		};
		7C605F37292BC22300E4B6D2 /* Bolts.framework */ = {
			isa = PBXReferenceProxy;
			fileType = wrapper.framework;
			path = Bolts.framework;
			remoteRef = 7C605F36292BC22300E4B6D2 /* PBXContainerItemProxy */;
			sourceTree = BUILT_PRODUCTS_DIR;
		};
		7C605F39292BC22300E4B6D2 /* Bolts.framework */ = {
			isa = PBXReferenceProxy;
			fileType = wrapper.framework;
			path = Bolts.framework;
			remoteRef = 7C605F38292BC22300E4B6D2 /* PBXContainerItemProxy */;
			sourceTree = BUILT_PRODUCTS_DIR;
		};
		7C605F3B292BC22300E4B6D2 /* Bolts.framework */ = {
			isa = PBXReferenceProxy;
			fileType = wrapper.framework;
			path = Bolts.framework;
			remoteRef = 7C605F3A292BC22300E4B6D2 /* PBXContainerItemProxy */;
			sourceTree = BUILT_PRODUCTS_DIR;
		};
		7C605F3D292BC22300E4B6D2 /* Bolts.framework */ = {
			isa = PBXReferenceProxy;
			fileType = wrapper.framework;
			path = Bolts.framework;
			remoteRef = 7C605F3C292BC22300E4B6D2 /* PBXContainerItemProxy */;
			sourceTree = BUILT_PRODUCTS_DIR;
		};
		7C605F3F292BC22300E4B6D2 /* Bolts.framework */ = {
			isa = PBXReferenceProxy;
			fileType = wrapper.framework;
			path = Bolts.framework;
			remoteRef = 7C605F3E292BC22300E4B6D2 /* PBXContainerItemProxy */;
			sourceTree = BUILT_PRODUCTS_DIR;
		};
		7C605F41292BC22300E4B6D2 /* Bolts.framework */ = {
			isa = PBXReferenceProxy;
			fileType = wrapper.framework;
			path = Bolts.framework;
			remoteRef = 7C605F40292BC22300E4B6D2 /* PBXContainerItemProxy */;
			sourceTree = BUILT_PRODUCTS_DIR;
		};
		7C605F43292BC22300E4B6D2 /* BoltsTests-iOS.xctest */ = {
			isa = PBXReferenceProxy;
			fileType = wrapper.cfbundle;
			path = "BoltsTests-iOS.xctest";
			remoteRef = 7C605F42292BC22300E4B6D2 /* PBXContainerItemProxy */;
			sourceTree = BUILT_PRODUCTS_DIR;
		};
		7C605F45292BC22300E4B6D2 /* BoltsTests-OSX.xctest */ = {
			isa = PBXReferenceProxy;
			fileType = wrapper.cfbundle;
			path = "BoltsTests-OSX.xctest";
			remoteRef = 7C605F44292BC22300E4B6D2 /* PBXContainerItemProxy */;
			sourceTree = BUILT_PRODUCTS_DIR;
		};
		7C605F47292BC22300E4B6D2 /* BoltsTests-tvOS.xctest */ = {
			isa = PBXReferenceProxy;
			fileType = wrapper.cfbundle;
			path = "BoltsTests-tvOS.xctest";
			remoteRef = 7C605F46292BC22300E4B6D2 /* PBXContainerItemProxy */;
			sourceTree = BUILT_PRODUCTS_DIR;
		};
		7C605F49292BC22300E4B6D2 /* BoltsTestUI.app */ = {
			isa = PBXReferenceProxy;
			fileType = wrapper.application;
			path = BoltsTestUI.app;
			remoteRef = 7C605F48292BC22300E4B6D2 /* PBXContainerItemProxy */;
			sourceTree = BUILT_PRODUCTS_DIR;
		};
/* End PBXReferenceProxy section */

/* Begin PBXResourcesBuildPhase section */
		81CC85B61A49F2E00076DE19 /* Resources */ = {
			isa = PBXResourcesBuildPhase;
			buildActionMask = 2147483647;
			files = (
				814C3AD21B69887B00E307BB /* MainMenu.xib in Resources */,
				814C3AD31B69887B00E307BB /* Images.xcassets in Resources */,
			);
			runOnlyForDeploymentPostprocessing = 0;
		};
/* End PBXResourcesBuildPhase section */

/* Begin PBXSourcesBuildPhase section */
		81CC85B41A49F2E00076DE19 /* Sources */ = {
			isa = PBXSourcesBuildPhase;
			buildActionMask = 2147483647;
			files = (
				81CC85BE1A49F2E00076DE19 /* AppDelegate.swift in Sources */,
			);
			runOnlyForDeploymentPostprocessing = 0;
		};
/* End PBXSourcesBuildPhase section */

/* Begin PBXVariantGroup section */
		814C3ACE1B69887B00E307BB /* MainMenu.xib */ = {
			isa = PBXVariantGroup;
			children = (
				814C3ACF1B69887B00E307BB /* Base */,
			);
			name = MainMenu.xib;
			path = ../Resources;
			sourceTree = "<group>";
		};
/* End PBXVariantGroup section */

/* Begin XCBuildConfiguration section */
		81CC85D01A49F2E00076DE19 /* Debug */ = {
			isa = XCBuildConfiguration;
			buildSettings = {
				ALWAYS_SEARCH_USER_PATHS = NO;
				CLANG_CXX_LANGUAGE_STANDARD = "gnu++0x";
				CLANG_CXX_LIBRARY = "libc++";
				CLANG_ENABLE_MODULES = YES;
				CLANG_ENABLE_OBJC_ARC = YES;
				CLANG_WARN_BLOCK_CAPTURE_AUTORELEASING = YES;
				CLANG_WARN_BOOL_CONVERSION = YES;
				CLANG_WARN_COMMA = YES;
				CLANG_WARN_CONSTANT_CONVERSION = YES;
				CLANG_WARN_DEPRECATED_OBJC_IMPLEMENTATIONS = YES;
				CLANG_WARN_DIRECT_OBJC_ISA_USAGE = YES_ERROR;
				CLANG_WARN_EMPTY_BODY = YES;
				CLANG_WARN_ENUM_CONVERSION = YES;
				CLANG_WARN_INFINITE_RECURSION = YES;
				CLANG_WARN_INT_CONVERSION = YES;
				CLANG_WARN_NON_LITERAL_NULL_CONVERSION = YES;
				CLANG_WARN_OBJC_IMPLICIT_RETAIN_SELF = YES;
				CLANG_WARN_OBJC_LITERAL_CONVERSION = YES;
				CLANG_WARN_OBJC_ROOT_CLASS = YES_ERROR;
				CLANG_WARN_RANGE_LOOP_ANALYSIS = YES;
				CLANG_WARN_STRICT_PROTOTYPES = YES;
				CLANG_WARN_SUSPICIOUS_MOVE = YES;
				CLANG_WARN_UNREACHABLE_CODE = YES;
				CLANG_WARN__DUPLICATE_METHOD_MATCH = YES;
				COPY_PHASE_STRIP = NO;
				ENABLE_STRICT_OBJC_MSGSEND = YES;
				ENABLE_TESTABILITY = YES;
				GCC_C_LANGUAGE_STANDARD = gnu99;
				GCC_DYNAMIC_NO_PIC = NO;
				GCC_NO_COMMON_BLOCKS = YES;
				GCC_OPTIMIZATION_LEVEL = 0;
				GCC_PREPROCESSOR_DEFINITIONS = (
					"DEBUG=1",
					"$(inherited)",
				);
				GCC_SYMBOLS_PRIVATE_EXTERN = NO;
				GCC_WARN_64_TO_32_BIT_CONVERSION = YES;
				GCC_WARN_ABOUT_RETURN_TYPE = YES_ERROR;
				GCC_WARN_UNDECLARED_SELECTOR = YES;
				GCC_WARN_UNINITIALIZED_AUTOS = YES_AGGRESSIVE;
				GCC_WARN_UNUSED_FUNCTION = YES;
				GCC_WARN_UNUSED_VARIABLE = YES;
				MACOSX_DEPLOYMENT_TARGET = 10.9;
				MTL_ENABLE_DEBUG_INFO = YES;
				ONLY_ACTIVE_ARCH = YES;
				SDKROOT = macosx;
				SWIFT_OPTIMIZATION_LEVEL = "-Onone";
			};
			name = Debug;
		};
		81CC85D11A49F2E00076DE19 /* Release */ = {
			isa = XCBuildConfiguration;
			buildSettings = {
				ALWAYS_SEARCH_USER_PATHS = NO;
				CLANG_CXX_LANGUAGE_STANDARD = "gnu++0x";
				CLANG_CXX_LIBRARY = "libc++";
				CLANG_ENABLE_MODULES = YES;
				CLANG_ENABLE_OBJC_ARC = YES;
				CLANG_WARN_BLOCK_CAPTURE_AUTORELEASING = YES;
				CLANG_WARN_BOOL_CONVERSION = YES;
				CLANG_WARN_COMMA = YES;
				CLANG_WARN_CONSTANT_CONVERSION = YES;
				CLANG_WARN_DEPRECATED_OBJC_IMPLEMENTATIONS = YES;
				CLANG_WARN_DIRECT_OBJC_ISA_USAGE = YES_ERROR;
				CLANG_WARN_EMPTY_BODY = YES;
				CLANG_WARN_ENUM_CONVERSION = YES;
				CLANG_WARN_INFINITE_RECURSION = YES;
				CLANG_WARN_INT_CONVERSION = YES;
				CLANG_WARN_NON_LITERAL_NULL_CONVERSION = YES;
				CLANG_WARN_OBJC_IMPLICIT_RETAIN_SELF = YES;
				CLANG_WARN_OBJC_LITERAL_CONVERSION = YES;
				CLANG_WARN_OBJC_ROOT_CLASS = YES_ERROR;
				CLANG_WARN_RANGE_LOOP_ANALYSIS = YES;
				CLANG_WARN_STRICT_PROTOTYPES = YES;
				CLANG_WARN_SUSPICIOUS_MOVE = YES;
				CLANG_WARN_UNREACHABLE_CODE = YES;
				CLANG_WARN__DUPLICATE_METHOD_MATCH = YES;
				COPY_PHASE_STRIP = YES;
				DEBUG_INFORMATION_FORMAT = "dwarf-with-dsym";
				ENABLE_NS_ASSERTIONS = NO;
				ENABLE_STRICT_OBJC_MSGSEND = YES;
				GCC_C_LANGUAGE_STANDARD = gnu99;
				GCC_NO_COMMON_BLOCKS = YES;
				GCC_WARN_64_TO_32_BIT_CONVERSION = YES;
				GCC_WARN_ABOUT_RETURN_TYPE = YES_ERROR;
				GCC_WARN_UNDECLARED_SELECTOR = YES;
				GCC_WARN_UNINITIALIZED_AUTOS = YES_AGGRESSIVE;
				GCC_WARN_UNUSED_FUNCTION = YES;
				GCC_WARN_UNUSED_VARIABLE = YES;
				MACOSX_DEPLOYMENT_TARGET = 10.9;
				MTL_ENABLE_DEBUG_INFO = NO;
				SDKROOT = macosx;
				SWIFT_OPTIMIZATION_LEVEL = "-Owholemodule";
			};
			name = Release;
		};
		81CC85D31A49F2E00076DE19 /* Debug */ = {
			isa = XCBuildConfiguration;
			buildSettings = {
				ASSETCATALOG_COMPILER_APPICON_NAME = AppIcon;
				CODE_SIGN_IDENTITY = "-";
				COMBINE_HIDPI_IMAGES = YES;
				FRAMEWORK_SEARCH_PATHS = (
					"$(inherited)",
					"$(PROJECT_DIR)",
				);
				INFOPLIST_FILE = Resources/Info.plist;
				LD_RUNPATH_SEARCH_PATHS = "$(inherited) @executable_path/../Frameworks";
				PRODUCT_BUNDLE_IDENTIFIER = "com.parse.$(PRODUCT_NAME:rfc1034identifier)";
				PRODUCT_NAME = "ParseOSXStarterProject-Swift";
				SWIFT_VERSION = 5.0;
			};
			name = Debug;
		};
		81CC85D41A49F2E00076DE19 /* Release */ = {
			isa = XCBuildConfiguration;
			buildSettings = {
				ASSETCATALOG_COMPILER_APPICON_NAME = AppIcon;
				CODE_SIGN_IDENTITY = "-";
				COMBINE_HIDPI_IMAGES = YES;
				FRAMEWORK_SEARCH_PATHS = (
					"$(inherited)",
					"$(PROJECT_DIR)",
				);
				INFOPLIST_FILE = Resources/Info.plist;
				LD_RUNPATH_SEARCH_PATHS = "$(inherited) @executable_path/../Frameworks";
				PRODUCT_BUNDLE_IDENTIFIER = "com.parse.$(PRODUCT_NAME:rfc1034identifier)";
				PRODUCT_NAME = "ParseOSXStarterProject-Swift";
				SWIFT_VERSION = 5.0;
			};
			name = Release;
		};
/* End XCBuildConfiguration section */

/* Begin XCConfigurationList section */
		81CC85B31A49F2E00076DE19 /* Build configuration list for PBXProject "ParseOSXStarterProject-Swift" */ = {
			isa = XCConfigurationList;
			buildConfigurations = (
				81CC85D01A49F2E00076DE19 /* Debug */,
				81CC85D11A49F2E00076DE19 /* Release */,
			);
			defaultConfigurationIsVisible = 0;
			defaultConfigurationName = Release;
		};
		81CC85D21A49F2E00076DE19 /* Build configuration list for PBXNativeTarget "ParseOSXStarterProject-Swift" */ = {
			isa = XCConfigurationList;
			buildConfigurations = (
				81CC85D31A49F2E00076DE19 /* Debug */,
				81CC85D41A49F2E00076DE19 /* Release */,
			);
			defaultConfigurationIsVisible = 0;
			defaultConfigurationName = Release;
		};
/* End XCConfigurationList section */
	};
	rootObject = 81CC85B01A49F2E00076DE19 /* Project object */;
}
