{
  "object": {
    "pins": [
      {
        "package": "Bolts",
        "repositoryURL": "https://github.com/parse-community/Bolts-ObjC.git",
        "state": {
          "branch": null,
          "revision": "1eee96ad3bcfc8964c0a5815ce94f491eb6ac8c2",
          "version": "1.10.0"
        }
      },
      {
        "package": "BoltsSwift",
        "repositoryURL": "https://github.com/BoltsFramework/Bolts-Swift.git",
        "state": {
          "branch": null,
          "revision": "d8c07eee2045a13f34330c0a4664053b5176e3f0",
          "version": "1.5.0"
        }
      },
      {
        "package": "OCMock",
        "repositoryURL": "https://github.com/erikdoe/ocmock",
        "state": {
          "branch": null,
          "revision": "67bb9602f0a7541f24dc2d6d0d7389ca3e4c2c89",
          "version": null
        }
      },
      {
        "package": "Starscream",
        "repositoryURL": "https://github.com/daltoniam/Starscream.git",
        "state": {
          "branch": null,
          "revision": "c6bfd1af48efcc9a9ad203665db12375ba6b145a",
          "version": "4.0.8"
        }
      }
    ]
  },
  "version": 1
}
