// !$*UTF8*$!
{
	archiveVersion = 1;
	classes = {
	};
	objectVersion = 52;
	objects = {

/* Begin PBXBuildFile section */
		7C5F7FB129212AAD0035B219 /* PFFacebookDeviceAuthenticationProvider.h in Headers */ = {isa = PBXBuildFile; fileRef = 7C5F7FAF29212A9F0035B219 /* PFFacebookDeviceAuthenticationProvider.h */; };
		7C5F7FB229212AAD0035B219 /* PFFacebookDeviceAuthenticationProvider.m in Sources */ = {isa = PBXBuildFile; fileRef = 7C5F7FB029212A9F0035B219 /* PFFacebookDeviceAuthenticationProvider.m */; };
		7C5F7FB329212AAD0035B219 /* PFFacebookUtilsDevice.h in Headers */ = {isa = PBXBuildFile; fileRef = 7C5F7FAA29212A9F0035B219 /* PFFacebookUtilsDevice.h */; settings = {ATTRIBUTES = (Public, ); }; };
		7C5F7FB429212AAD0035B219 /* PFFacebookUtilsDevice.m in Sources */ = {isa = PBXBuildFile; fileRef = 7C5F7FAC29212A9F0035B219 /* PFFacebookUtilsDevice.m */; };
		7C5F7FB529212AAD0035B219 /* ParseFacebookUtilsTvOS.h in Headers */ = {isa = PBXBuildFile; fileRef = 7C5F7FAB29212A9F0035B219 /* ParseFacebookUtilsTvOS.h */; settings = {ATTRIBUTES = (Public, ); }; };
		7C5F7FB629212AAE0035B219 /* PFFacebookDeviceAuthenticationProvider.h in Headers */ = {isa = PBXBuildFile; fileRef = 7C5F7FAF29212A9F0035B219 /* PFFacebookDeviceAuthenticationProvider.h */; };
		7C5F7FB729212AAE0035B219 /* PFFacebookDeviceAuthenticationProvider.m in Sources */ = {isa = PBXBuildFile; fileRef = 7C5F7FB029212A9F0035B219 /* PFFacebookDeviceAuthenticationProvider.m */; };
		7C5F7FB829212AAE0035B219 /* PFFacebookUtilsDevice.h in Headers */ = {isa = PBXBuildFile; fileRef = 7C5F7FAA29212A9F0035B219 /* PFFacebookUtilsDevice.h */; settings = {ATTRIBUTES = (Public, ); }; };
		7C5F7FB929212AAE0035B219 /* PFFacebookUtilsDevice.m in Sources */ = {isa = PBXBuildFile; fileRef = 7C5F7FAC29212A9F0035B219 /* PFFacebookUtilsDevice.m */; };
		7C5F7FBA29212AAE0035B219 /* ParseFacebookUtilsTvOS.h in Headers */ = {isa = PBXBuildFile; fileRef = 7C5F7FAB29212A9F0035B219 /* ParseFacebookUtilsTvOS.h */; settings = {ATTRIBUTES = (Public, ); }; };
		7C77D05E2929161D00C4D90E /* FBAEMKit.xcframework in Frameworks */ = {isa = PBXBuildFile; fileRef = 7C77D05B2929160800C4D90E /* FBAEMKit.xcframework */; };
		7C77D05F2929161D00C4D90E /* FBSDKCoreKit_Basics.xcframework in Frameworks */ = {isa = PBXBuildFile; fileRef = 7C77D0582929160800C4D90E /* FBSDKCoreKit_Basics.xcframework */; };
		7C77D0602929161D00C4D90E /* FBSDKCoreKit.xcframework in Frameworks */ = {isa = PBXBuildFile; fileRef = 7C77D05C2929160800C4D90E /* FBSDKCoreKit.xcframework */; };
		7C77D0612929161D00C4D90E /* FBSDKTVOSKit.xcframework in Frameworks */ = {isa = PBXBuildFile; fileRef = 7C77D05D2929160800C4D90E /* FBSDKTVOSKit.xcframework */; };
		7C77D0622929164A00C4D90E /* FBAEMKit.xcframework in Frameworks */ = {isa = PBXBuildFile; fileRef = 7C77D05B2929160800C4D90E /* FBAEMKit.xcframework */; };
		7C77D0632929164A00C4D90E /* FBSDKCoreKit_Basics.xcframework in Frameworks */ = {isa = PBXBuildFile; fileRef = 7C77D0582929160800C4D90E /* FBSDKCoreKit_Basics.xcframework */; };
		7C77D0642929164A00C4D90E /* FBSDKCoreKit.xcframework in Frameworks */ = {isa = PBXBuildFile; fileRef = 7C77D05C2929160800C4D90E /* FBSDKCoreKit.xcframework */; };
		7C77D0652929164A00C4D90E /* FBSDKTVOSKit.xcframework in Frameworks */ = {isa = PBXBuildFile; fileRef = 7C77D05D2929160800C4D90E /* FBSDKTVOSKit.xcframework */; };
		7C77D067292916A000C4D90E /* File.swift in Sources */ = {isa = PBXBuildFile; fileRef = 7C77D066292916A000C4D90E /* File.swift */; };
/* End PBXBuildFile section */

/* Begin PBXContainerItemProxy section */
		7C5F7FD429212AF20035B219 /* PBXContainerItemProxy */ = {
			isa = PBXContainerItemProxy;
			containerPortal = 7C5F7FBB29212AF10035B219 /* ParseFacebookUtils.xcodeproj */;
			proxyType = 2;
			remoteGlobalIDString = D2AAC07E0554694100DB518D;
			remoteInfo = "ParseFacebookUtilsV4-iOS";
		};
		7C5F7FD629212AF20035B219 /* PBXContainerItemProxy */ = {
			isa = PBXContainerItemProxy;
			containerPortal = 7C5F7FBB29212AF10035B219 /* ParseFacebookUtils.xcodeproj */;
			proxyType = 2;
			remoteGlobalIDString = 81FE7F8B1C17790400E6BD34;
			remoteInfo = "ParseFacebookUtilsV4-tvOS";
		};
		7C5F7FD829212AF20035B219 /* PBXContainerItemProxy */ = {
			isa = PBXContainerItemProxy;
			containerPortal = 7C5F7FBB29212AF10035B219 /* ParseFacebookUtils.xcodeproj */;
			proxyType = 2;
			remoteGlobalIDString = 4AAEAA75200C020E00AA7479;
			remoteInfo = "ParseFacebookUtilsV4-iOS-Dynamic";
		};
		7C5F7FDA29212AF20035B219 /* PBXContainerItemProxy */ = {
			isa = PBXContainerItemProxy;
			containerPortal = 7C5F7FBB29212AF10035B219 /* ParseFacebookUtils.xcodeproj */;
			proxyType = 2;
			remoteGlobalIDString = 4AAEAA90200C022300AA7479;
			remoteInfo = "ParseFacebookUtilsV4-tvOS-Dynamic";
		};
		7C5F7FDC29212AF70035B219 /* PBXContainerItemProxy */ = {
			isa = PBXContainerItemProxy;
			containerPortal = 7C5F7FBB29212AF10035B219 /* ParseFacebookUtils.xcodeproj */;
			proxyType = 1;
			remoteGlobalIDString = 81FE7F731C17790400E6BD34;
			remoteInfo = "ParseFacebookUtilsV4-tvOS";
		};
		7C5F7FFE292130FC0035B219 /* PBXContainerItemProxy */ = {
			isa = PBXContainerItemProxy;
			containerPortal = 7C5F7FBB29212AF10035B219 /* ParseFacebookUtils.xcodeproj */;
			proxyType = 1;
			remoteGlobalIDString = 4AAEAA77200C022300AA7479;
			remoteInfo = "ParseFacebookUtilsV4-tvOS-Dynamic";
		};
/* End PBXContainerItemProxy section */

/* Begin PBXCopyFilesBuildPhase section */
		BCCC20E4271F1BB3003C9D03 /* Embed Frameworks */ = {
			isa = PBXCopyFilesBuildPhase;
			buildActionMask = 2147483647;
			dstPath = "";
			dstSubfolderSpec = 10;
			files = (
			);
			name = "Embed Frameworks";
			runOnlyForDeploymentPostprocessing = 0;
		};
/* End PBXCopyFilesBuildPhase section */

/* Begin PBXFileReference section */
		4AAEAA90200C022300AA7479 /* ParseFacebookUtilsTvOS.framework */ = {isa = PBXFileReference; explicitFileType = wrapper.framework; includeInIndex = 0; path = ParseFacebookUtilsTvOS.framework; sourceTree = BUILT_PRODUCTS_DIR; };
		4AAEAA93200C026300AA7479 /* ParseFacebookUtilsTvOS-Dynamic.xcconfig */ = {isa = PBXFileReference; lastKnownFileType = text.xcconfig; path = "ParseFacebookUtilsTvOS-Dynamic.xcconfig"; sourceTree = "<group>"; };
		7C5F7FA729212A9F0035B219 /* Localizable.strings */ = {isa = PBXFileReference; lastKnownFileType = text.plist.strings; path = Localizable.strings; sourceTree = "<group>"; };
		7C5F7FA829212A9F0035B219 /* Info-tvOS.plist */ = {isa = PBXFileReference; lastKnownFileType = text.plist.xml; path = "Info-tvOS.plist"; sourceTree = "<group>"; };
		7C5F7FAA29212A9F0035B219 /* PFFacebookUtilsDevice.h */ = {isa = PBXFileReference; lastKnownFileType = sourcecode.c.h; path = PFFacebookUtilsDevice.h; sourceTree = "<group>"; };
		7C5F7FAB29212A9F0035B219 /* ParseFacebookUtilsTvOS.h */ = {isa = PBXFileReference; lastKnownFileType = sourcecode.c.h; path = ParseFacebookUtilsTvOS.h; sourceTree = "<group>"; };
		7C5F7FAC29212A9F0035B219 /* PFFacebookUtilsDevice.m */ = {isa = PBXFileReference; lastKnownFileType = sourcecode.c.objc; path = PFFacebookUtilsDevice.m; sourceTree = "<group>"; };
		7C5F7FAF29212A9F0035B219 /* PFFacebookDeviceAuthenticationProvider.h */ = {isa = PBXFileReference; lastKnownFileType = sourcecode.c.h; path = PFFacebookDeviceAuthenticationProvider.h; sourceTree = "<group>"; };
		7C5F7FB029212A9F0035B219 /* PFFacebookDeviceAuthenticationProvider.m */ = {isa = PBXFileReference; lastKnownFileType = sourcecode.c.objc; path = PFFacebookDeviceAuthenticationProvider.m; sourceTree = "<group>"; };
		7C5F7FBB29212AF10035B219 /* ParseFacebookUtils.xcodeproj */ = {isa = PBXFileReference; lastKnownFileType = "wrapper.pb-project"; name = ParseFacebookUtils.xcodeproj; path = ../ParseFacebookUtils/ParseFacebookUtils.xcodeproj; sourceTree = "<group>"; };
		7C77D0582929160800C4D90E /* FBSDKCoreKit_Basics.xcframework */ = {isa = PBXFileReference; lastKnownFileType = wrapper.xcframework; name = FBSDKCoreKit_Basics.xcframework; path = ../Carthage/Build/FBSDKCoreKit_Basics.xcframework; sourceTree = "<group>"; };
		7C77D05B2929160800C4D90E /* FBAEMKit.xcframework */ = {isa = PBXFileReference; lastKnownFileType = wrapper.xcframework; name = FBAEMKit.xcframework; path = ../Carthage/Build/FBAEMKit.xcframework; sourceTree = "<group>"; };
		7C77D05C2929160800C4D90E /* FBSDKCoreKit.xcframework */ = {isa = PBXFileReference; lastKnownFileType = wrapper.xcframework; name = FBSDKCoreKit.xcframework; path = ../Carthage/Build/FBSDKCoreKit.xcframework; sourceTree = "<group>"; };
		7C77D05D2929160800C4D90E /* FBSDKTVOSKit.xcframework */ = {isa = PBXFileReference; lastKnownFileType = wrapper.xcframework; name = FBSDKTVOSKit.xcframework; path = ../Carthage/Build/FBSDKTVOSKit.xcframework; sourceTree = "<group>"; };
		7C77D066292916A000C4D90E /* File.swift */ = {isa = PBXFileReference; lastKnownFileType = sourcecode.swift; path = File.swift; sourceTree = "<group>"; };
		8121EA9F1D39862400AC0B02 /* Common.xcconfig */ = {isa = PBXFileReference; lastKnownFileType = text.xcconfig; path = Common.xcconfig; sourceTree = "<group>"; };
		8121EAA11D39862400AC0B02 /* iOS.xcconfig */ = {isa = PBXFileReference; lastKnownFileType = text.xcconfig; path = iOS.xcconfig; sourceTree = "<group>"; };
		8121EAA21D39862400AC0B02 /* macOS.xcconfig */ = {isa = PBXFileReference; lastKnownFileType = text.xcconfig; path = macOS.xcconfig; sourceTree = "<group>"; };
		8121EAA31D39862400AC0B02 /* tvOS.xcconfig */ = {isa = PBXFileReference; lastKnownFileType = text.xcconfig; path = tvOS.xcconfig; sourceTree = "<group>"; };
		8121EAA41D39862400AC0B02 /* watchOS.xcconfig */ = {isa = PBXFileReference; lastKnownFileType = text.xcconfig; path = watchOS.xcconfig; sourceTree = "<group>"; };
		8121EAA61D39862400AC0B02 /* Application.xcconfig */ = {isa = PBXFileReference; lastKnownFileType = text.xcconfig; path = Application.xcconfig; sourceTree = "<group>"; };
		8121EAA71D39862400AC0B02 /* DynamicFramework.xcconfig */ = {isa = PBXFileReference; lastKnownFileType = text.xcconfig; path = DynamicFramework.xcconfig; sourceTree = "<group>"; };
		8121EAA81D39862400AC0B02 /* LogicTests.xcconfig */ = {isa = PBXFileReference; lastKnownFileType = text.xcconfig; path = LogicTests.xcconfig; sourceTree = "<group>"; };
		8121EAA91D39862400AC0B02 /* StaticFramework.xcconfig */ = {isa = PBXFileReference; lastKnownFileType = text.xcconfig; path = StaticFramework.xcconfig; sourceTree = "<group>"; };
		8121EAAB1D39862400AC0B02 /* Debug.xcconfig */ = {isa = PBXFileReference; lastKnownFileType = text.xcconfig; path = Debug.xcconfig; sourceTree = "<group>"; };
		8121EAAC1D39862400AC0B02 /* Release.xcconfig */ = {isa = PBXFileReference; lastKnownFileType = text.xcconfig; path = Release.xcconfig; sourceTree = "<group>"; };
		8121EAAD1D39862400AC0B02 /* Warnings.xcconfig */ = {isa = PBXFileReference; lastKnownFileType = text.xcconfig; path = Warnings.xcconfig; sourceTree = "<group>"; };
		81FE7F721C1778FC00E6BD34 /* ParseFacebookUtilsTvOS.xcconfig */ = {isa = PBXFileReference; lastKnownFileType = text.xcconfig; path = ParseFacebookUtilsTvOS.xcconfig; sourceTree = "<group>"; };
		81FE7F8B1C17790400E6BD34 /* ParseFacebookUtilsTvOS.framework */ = {isa = PBXFileReference; explicitFileType = wrapper.framework; includeInIndex = 0; path = ParseFacebookUtilsTvOS.framework; sourceTree = BUILT_PRODUCTS_DIR; };
/* End PBXFileReference section */

/* Begin PBXFrameworksBuildPhase section */
		4AAEAA86200C022300AA7479 /* Frameworks */ = {
			isa = PBXFrameworksBuildPhase;
			buildActionMask = 2147483647;
			files = (
				7C77D0622929164A00C4D90E /* FBAEMKit.xcframework in Frameworks */,
				7C77D0632929164A00C4D90E /* FBSDKCoreKit_Basics.xcframework in Frameworks */,
				7C77D0642929164A00C4D90E /* FBSDKCoreKit.xcframework in Frameworks */,
				7C77D0652929164A00C4D90E /* FBSDKTVOSKit.xcframework in Frameworks */,
			);
			runOnlyForDeploymentPostprocessing = 0;
		};
		81FE7F811C17790400E6BD34 /* Frameworks */ = {
			isa = PBXFrameworksBuildPhase;
			buildActionMask = 2147483647;
			files = (
				7C77D05E2929161D00C4D90E /* FBAEMKit.xcframework in Frameworks */,
				7C77D05F2929161D00C4D90E /* FBSDKCoreKit_Basics.xcframework in Frameworks */,
				7C77D0602929161D00C4D90E /* FBSDKCoreKit.xcframework in Frameworks */,
				7C77D0612929161D00C4D90E /* FBSDKTVOSKit.xcframework in Frameworks */,
			);
			runOnlyForDeploymentPostprocessing = 0;
		};
/* End PBXFrameworksBuildPhase section */

/* Begin PBXGroup section */
		034768DFFF38A50411DB9C8B /* Products */ = {
			isa = PBXGroup;
			children = (
				81FE7F8B1C17790400E6BD34 /* ParseFacebookUtilsTvOS.framework */,
				4AAEAA90200C022300AA7479 /* ParseFacebookUtilsTvOS.framework */,
			);
			name = Products;
			sourceTree = "<group>";
		};
		0867D691FE84028FC02AAC07 /* Breakpad */ = {
			isa = PBXGroup;
			children = (
				F52CD63A1B58383C0051AB86 /* Configurations */,
				7C5F7FA529212A9F0035B219 /* ParseFacebookUtilsTvOS */,
				0867D69AFE84028FC02AAC07 /* Frameworks */,
				034768DFFF38A50411DB9C8B /* Products */,
			);
			indentWidth = 4;
			name = Breakpad;
			sourceTree = "<group>";
		};
		0867D69AFE84028FC02AAC07 /* Frameworks */ = {
			isa = PBXGroup;
			children = (
				7C77D05B2929160800C4D90E /* FBAEMKit.xcframework */,
				7C77D0582929160800C4D90E /* FBSDKCoreKit_Basics.xcframework */,
				7C77D05C2929160800C4D90E /* FBSDKCoreKit.xcframework */,
				7C77D05D2929160800C4D90E /* FBSDKTVOSKit.xcframework */,
				7C5F7FBB29212AF10035B219 /* ParseFacebookUtils.xcodeproj */,
			);
			name = Frameworks;
			sourceTree = "<group>";
		};
		7C5F7FA529212A9F0035B219 /* ParseFacebookUtilsTvOS */ = {
			isa = PBXGroup;
			children = (
				7C77D068292916A500C4D90E /* exclude */,
				7C5F7FA629212A9F0035B219 /* Resources */,
				7C5F7FA929212A9F0035B219 /* Source */,
				7C5F7FAD29212A9F0035B219 /* Internal */,
			);
			path = ParseFacebookUtilsTvOS;
			sourceTree = "<group>";
		};
		7C5F7FA629212A9F0035B219 /* Resources */ = {
			isa = PBXGroup;
			children = (
				7C5F7FA729212A9F0035B219 /* Localizable.strings */,
				7C5F7FA829212A9F0035B219 /* Info-tvOS.plist */,
			);
			path = Resources;
			sourceTree = "<group>";
		};
		7C5F7FA929212A9F0035B219 /* Source */ = {
			isa = PBXGroup;
			children = (
				7C5F7FAA29212A9F0035B219 /* PFFacebookUtilsDevice.h */,
				7C5F7FAB29212A9F0035B219 /* ParseFacebookUtilsTvOS.h */,
				7C5F7FAC29212A9F0035B219 /* PFFacebookUtilsDevice.m */,
			);
			path = Source;
			sourceTree = "<group>";
		};
		7C5F7FAD29212A9F0035B219 /* Internal */ = {
			isa = PBXGroup;
			children = (
				7C5F7FAE29212A9F0035B219 /* AuthenticationProvider */,
			);
			path = Internal;
			sourceTree = "<group>";
		};
		7C5F7FAE29212A9F0035B219 /* AuthenticationProvider */ = {
			isa = PBXGroup;
			children = (
				7C5F7FAF29212A9F0035B219 /* PFFacebookDeviceAuthenticationProvider.h */,
				7C5F7FB029212A9F0035B219 /* PFFacebookDeviceAuthenticationProvider.m */,
			);
			path = AuthenticationProvider;
			sourceTree = "<group>";
		};
		7C5F7FBC29212AF10035B219 /* Products */ = {
			isa = PBXGroup;
			children = (
				7C5F7FD529212AF20035B219 /* ParseFacebookUtilsV4.framework */,
				7C5F7FD729212AF20035B219 /* ParseFacebookUtilsV4.framework */,
				7C5F7FD929212AF20035B219 /* ParseFacebookUtilsV4.framework */,
				7C5F7FDB29212AF20035B219 /* ParseFacebookUtilsV4.framework */,
			);
			name = Products;
			sourceTree = "<group>";
		};
		7C77D068292916A500C4D90E /* exclude */ = {
			isa = PBXGroup;
			children = (
				7C77D066292916A000C4D90E /* File.swift */,
			);
			path = exclude;
			sourceTree = "<group>";
		};
		8121EA9E1D39862400AC0B02 /* Shared */ = {
			isa = PBXGroup;
			children = (
				8121EA9F1D39862400AC0B02 /* Common.xcconfig */,
				8121EAA01D39862400AC0B02 /* Platform */,
				8121EAA51D39862400AC0B02 /* Product */,
				8121EAAA1D39862400AC0B02 /* Project */,
				8121EAAD1D39862400AC0B02 /* Warnings.xcconfig */,
			);
			path = Shared;
			sourceTree = "<group>";
		};
		8121EAA01D39862400AC0B02 /* Platform */ = {
			isa = PBXGroup;
			children = (
				8121EAA11D39862400AC0B02 /* iOS.xcconfig */,
				8121EAA21D39862400AC0B02 /* macOS.xcconfig */,
				8121EAA31D39862400AC0B02 /* tvOS.xcconfig */,
				8121EAA41D39862400AC0B02 /* watchOS.xcconfig */,
			);
			path = Platform;
			sourceTree = "<group>";
		};
		8121EAA51D39862400AC0B02 /* Product */ = {
			isa = PBXGroup;
			children = (
				8121EAA61D39862400AC0B02 /* Application.xcconfig */,
				8121EAA71D39862400AC0B02 /* DynamicFramework.xcconfig */,
				8121EAA81D39862400AC0B02 /* LogicTests.xcconfig */,
				8121EAA91D39862400AC0B02 /* StaticFramework.xcconfig */,
			);
			path = Product;
			sourceTree = "<group>";
		};
		8121EAAA1D39862400AC0B02 /* Project */ = {
			isa = PBXGroup;
			children = (
				8121EAAB1D39862400AC0B02 /* Debug.xcconfig */,
				8121EAAC1D39862400AC0B02 /* Release.xcconfig */,
			);
			path = Project;
			sourceTree = "<group>";
		};
		F52CD63A1B58383C0051AB86 /* Configurations */ = {
			isa = PBXGroup;
			children = (
				81FE7F721C1778FC00E6BD34 /* ParseFacebookUtilsTvOS.xcconfig */,
				4AAEAA93200C026300AA7479 /* ParseFacebookUtilsTvOS-Dynamic.xcconfig */,
				8121EA9E1D39862400AC0B02 /* Shared */,
			);
			path = Configurations;
			sourceTree = "<group>";
		};
/* End PBXGroup section */

/* Begin PBXHeadersBuildPhase section */
		4AAEAA7A200C022300AA7479 /* Headers */ = {
			isa = PBXHeadersBuildPhase;
			buildActionMask = 2147483647;
			files = (
				7C5F7FB829212AAE0035B219 /* PFFacebookUtilsDevice.h in Headers */,
				7C5F7FB629212AAE0035B219 /* PFFacebookDeviceAuthenticationProvider.h in Headers */,
				7C5F7FBA29212AAE0035B219 /* ParseFacebookUtilsTvOS.h in Headers */,
			);
			runOnlyForDeploymentPostprocessing = 0;
		};
		81FE7F761C17790400E6BD34 /* Headers */ = {
			isa = PBXHeadersBuildPhase;
			buildActionMask = 2147483647;
			files = (
				7C5F7FB329212AAD0035B219 /* PFFacebookUtilsDevice.h in Headers */,
				7C5F7FB129212AAD0035B219 /* PFFacebookDeviceAuthenticationProvider.h in Headers */,
				7C5F7FB529212AAD0035B219 /* ParseFacebookUtilsTvOS.h in Headers */,
			);
			runOnlyForDeploymentPostprocessing = 0;
		};
/* End PBXHeadersBuildPhase section */

/* Begin PBXNativeTarget section */
		4AAEAA77200C022300AA7479 /* ParseFacebookUtilsTvOS-Dynamic */ = {
			isa = PBXNativeTarget;
			buildConfigurationList = 4AAEAA8D200C022300AA7479 /* Build configuration list for PBXNativeTarget "ParseFacebookUtilsTvOS-Dynamic" */;
			buildPhases = (
				4AAEAA7A200C022300AA7479 /* Headers */,
				4AAEAA81200C022300AA7479 /* Sources */,
				4AAEAA86200C022300AA7479 /* Frameworks */,
				4AAEAA8B200C022300AA7479 /* Resources */,
				BCCC20E4271F1BB3003C9D03 /* Embed Frameworks */,
			);
			buildRules = (
			);
			dependencies = (
				7C5F7FFF292130FC0035B219 /* PBXTargetDependency */,
			);
			name = "ParseFacebookUtilsTvOS-Dynamic";
			packageProductDependencies = (
			);
			productName = Breakpad;
			productReference = 4AAEAA90200C022300AA7479 /* ParseFacebookUtilsTvOS.framework */;
			productType = "com.apple.product-type.framework";
		};
		81FE7F731C17790400E6BD34 /* ParseFacebookUtilsTvOS */ = {
			isa = PBXNativeTarget;
			buildConfigurationList = 81FE7F881C17790400E6BD34 /* Build configuration list for PBXNativeTarget "ParseFacebookUtilsTvOS" */;
			buildPhases = (
				81FE7F761C17790400E6BD34 /* Headers */,
				81FE7F7D1C17790400E6BD34 /* Sources */,
				81FE7F811C17790400E6BD34 /* Frameworks */,
				81FE7F861C17790400E6BD34 /* Resources */,
			);
			buildRules = (
			);
			dependencies = (
				7C5F7FDD29212AF70035B219 /* PBXTargetDependency */,
			);
			name = ParseFacebookUtilsTvOS;
			productName = Breakpad;
			productReference = 81FE7F8B1C17790400E6BD34 /* ParseFacebookUtilsTvOS.framework */;
			productType = "com.apple.product-type.framework";
		};
/* End PBXNativeTarget section */

/* Begin PBXProject section */
		0867D690FE84028FC02AAC07 /* Project object */ = {
			isa = PBXProject;
			attributes = {
				CLASSPREFIX = PF;
				LastUpgradeCheck = 0920;
				ORGANIZATIONNAME = "Parse, LLC";
				TargetAttributes = {
					4AAEAA77200C022300AA7479 = {
						LastSwiftMigration = 1410;
					};
				};
			};
			buildConfigurationList = 1DEB922208733DC00010E9CD /* Build configuration list for PBXProject "ParseFacebookUtilsTvOS" */;
			compatibilityVersion = "Xcode 3.2";
			developmentRegion = en;
			hasScannedForEncodings = 1;
			knownRegions = (
				da,
				de,
				es,
				fr,
				it,
				ja,
				nl,
				no,
				sl,
				sv,
				tr,
				en,
				Base,
			);
			mainGroup = 0867D691FE84028FC02AAC07 /* Breakpad */;
			packageReferences = (
			);
			productRefGroup = 034768DFFF38A50411DB9C8B /* Products */;
			projectDirPath = "";
			projectReferences = (
				{
					ProductGroup = 7C5F7FBC29212AF10035B219 /* Products */;
					ProjectRef = 7C5F7FBB29212AF10035B219 /* ParseFacebookUtils.xcodeproj */;
				},
			);
			projectRoot = "";
			targets = (
				81FE7F731C17790400E6BD34 /* ParseFacebookUtilsTvOS */,
				4AAEAA77200C022300AA7479 /* ParseFacebookUtilsTvOS-Dynamic */,
			);
		};
/* End PBXProject section */

/* Begin PBXReferenceProxy section */
		7C5F7FD529212AF20035B219 /* ParseFacebookUtilsV4.framework */ = {
			isa = PBXReferenceProxy;
			fileType = wrapper.framework;
			path = ParseFacebookUtilsV4.framework;
			remoteRef = 7C5F7FD429212AF20035B219 /* PBXContainerItemProxy */;
			sourceTree = BUILT_PRODUCTS_DIR;
		};
		7C5F7FD729212AF20035B219 /* ParseFacebookUtilsV4.framework */ = {
			isa = PBXReferenceProxy;
			fileType = wrapper.framework;
			path = ParseFacebookUtilsV4.framework;
			remoteRef = 7C5F7FD629212AF20035B219 /* PBXContainerItemProxy */;
			sourceTree = BUILT_PRODUCTS_DIR;
		};
		7C5F7FD929212AF20035B219 /* ParseFacebookUtilsV4.framework */ = {
			isa = PBXReferenceProxy;
			fileType = wrapper.framework;
			path = ParseFacebookUtilsV4.framework;
			remoteRef = 7C5F7FD829212AF20035B219 /* PBXContainerItemProxy */;
			sourceTree = BUILT_PRODUCTS_DIR;
		};
		7C5F7FDB29212AF20035B219 /* ParseFacebookUtilsV4.framework */ = {
			isa = PBXReferenceProxy;
			fileType = wrapper.framework;
			path = ParseFacebookUtilsV4.framework;
			remoteRef = 7C5F7FDA29212AF20035B219 /* PBXContainerItemProxy */;
			sourceTree = BUILT_PRODUCTS_DIR;
		};
/* End PBXReferenceProxy section */

/* Begin PBXResourcesBuildPhase section */
		4AAEAA8B200C022300AA7479 /* Resources */ = {
			isa = PBXResourcesBuildPhase;
			buildActionMask = 2147483647;
			files = (
			);
			runOnlyForDeploymentPostprocessing = 0;
		};
		81FE7F861C17790400E6BD34 /* Resources */ = {
			isa = PBXResourcesBuildPhase;
			buildActionMask = 2147483647;
			files = (
			);
			runOnlyForDeploymentPostprocessing = 0;
		};
/* End PBXResourcesBuildPhase section */

/* Begin PBXSourcesBuildPhase section */
		4AAEAA81200C022300AA7479 /* Sources */ = {
			isa = PBXSourcesBuildPhase;
			buildActionMask = 2147483647;
			files = (
				7C5F7FB729212AAE0035B219 /* PFFacebookDeviceAuthenticationProvider.m in Sources */,
				7C77D067292916A000C4D90E /* File.swift in Sources */,
				7C5F7FB929212AAE0035B219 /* PFFacebookUtilsDevice.m in Sources */,
			);
			runOnlyForDeploymentPostprocessing = 0;
		};
		81FE7F7D1C17790400E6BD34 /* Sources */ = {
			isa = PBXSourcesBuildPhase;
			buildActionMask = 2147483647;
			files = (
				7C5F7FB229212AAD0035B219 /* PFFacebookDeviceAuthenticationProvider.m in Sources */,
				7C5F7FB429212AAD0035B219 /* PFFacebookUtilsDevice.m in Sources */,
			);
			runOnlyForDeploymentPostprocessing = 0;
		};
/* End PBXSourcesBuildPhase section */

/* Begin PBXTargetDependency section */
		7C5F7FDD29212AF70035B219 /* PBXTargetDependency */ = {
			isa = PBXTargetDependency;
			name = "ParseFacebookUtilsV4-tvOS";
			targetProxy = 7C5F7FDC29212AF70035B219 /* PBXContainerItemProxy */;
		};
		7C5F7FFF292130FC0035B219 /* PBXTargetDependency */ = {
			isa = PBXTargetDependency;
			name = "ParseFacebookUtilsV4-tvOS-Dynamic";
			targetProxy = 7C5F7FFE292130FC0035B219 /* PBXContainerItemProxy */;
		};
/* End PBXTargetDependency section */

/* Begin XCBuildConfiguration section */
		1DEB922308733DC00010E9CD /* Debug */ = {
			isa = XCBuildConfiguration;
			baseConfigurationReference = 8121EAAB1D39862400AC0B02 /* Debug.xcconfig */;
			buildSettings = {
				CLANG_ANALYZER_LOCALIZABILITY_NONLOCALIZED = YES;
				CLANG_ENABLE_CODE_COVERAGE = NO;
				CLANG_WARN_BLOCK_CAPTURE_AUTORELEASING = YES;
				CLANG_WARN_COMMA = YES;
				CLANG_WARN_INFINITE_RECURSION = YES;
				CLANG_WARN_RANGE_LOOP_ANALYSIS = YES;
				CLANG_WARN_STRICT_PROTOTYPES = YES;
				CLANG_WARN_SUSPICIOUS_MOVE = YES;
				PARSE_DIR = "$(PROJECT_DIR)/..";
			};
			name = Debug;
		};
		1DEB922408733DC00010E9CD /* Release */ = {
			isa = XCBuildConfiguration;
			baseConfigurationReference = 8121EAAC1D39862400AC0B02 /* Release.xcconfig */;
			buildSettings = {
				CLANG_ANALYZER_LOCALIZABILITY_NONLOCALIZED = YES;
				CLANG_ENABLE_CODE_COVERAGE = NO;
				CLANG_WARN_BLOCK_CAPTURE_AUTORELEASING = YES;
				CLANG_WARN_COMMA = YES;
				CLANG_WARN_INFINITE_RECURSION = YES;
				CLANG_WARN_RANGE_LOOP_ANALYSIS = YES;
				CLANG_WARN_STRICT_PROTOTYPES = YES;
				CLANG_WARN_SUSPICIOUS_MOVE = YES;
				PARSE_DIR = "$(PROJECT_DIR)/..";
			};
			name = Release;
		};
		4AAEAA8E200C022300AA7479 /* Debug */ = {
			isa = XCBuildConfiguration;
			baseConfigurationReference = 4AAEAA93200C026300AA7479 /* ParseFacebookUtilsTvOS-Dynamic.xcconfig */;
			buildSettings = {
				CLANG_ENABLE_MODULES = YES;
				CLANG_MODULES_AUTOLINK = YES;
				DEFINES_MODULE = YES;
				FRAMEWORK_SEARCH_PATHS = "$(inherited)";
				LD_RUNPATH_SEARCH_PATHS = (
					"$(inherited)",
					"@executable_path/../Frameworks",
					"@loader_path/Frameworks",
				);
				SDKROOT = appletvos;
				SWIFT_OPTIMIZATION_LEVEL = "-Onone";
				SWIFT_VERSION = 5.0;
				TVOS_DEPLOYMENT_TARGET = 9.0;
			};
			name = Debug;
		};
		4AAEAA8F200C022300AA7479 /* Release */ = {
			isa = XCBuildConfiguration;
			baseConfigurationReference = 4AAEAA93200C026300AA7479 /* ParseFacebookUtilsTvOS-Dynamic.xcconfig */;
			buildSettings = {
				CLANG_ENABLE_MODULES = YES;
				CLANG_MODULES_AUTOLINK = YES;
				DEFINES_MODULE = YES;
				FRAMEWORK_SEARCH_PATHS = "$(inherited)";
				LD_RUNPATH_SEARCH_PATHS = (
					"$(inherited)",
					"@executable_path/../Frameworks",
					"@loader_path/Frameworks",
				);
				SDKROOT = appletvos;
				SWIFT_VERSION = 5.0;
				TVOS_DEPLOYMENT_TARGET = 9.0;
			};
			name = Release;
		};
		81FE7F891C17790400E6BD34 /* Debug */ = {
			isa = XCBuildConfiguration;
			baseConfigurationReference = 81FE7F721C1778FC00E6BD34 /* ParseFacebookUtilsTvOS.xcconfig */;
			buildSettings = {
				FRAMEWORK_SEARCH_PATHS = "$(inherited)";
				SDKROOT = appletvos;
				TVOS_DEPLOYMENT_TARGET = 9.0;
			};
			name = Debug;
		};
		81FE7F8A1C17790400E6BD34 /* Release */ = {
			isa = XCBuildConfiguration;
			baseConfigurationReference = 81FE7F721C1778FC00E6BD34 /* ParseFacebookUtilsTvOS.xcconfig */;
			buildSettings = {
				FRAMEWORK_SEARCH_PATHS = "$(inherited)";
				SDKROOT = appletvos;
				TVOS_DEPLOYMENT_TARGET = 9.0;
			};
			name = Release;
		};
/* End XCBuildConfiguration section */

/* Begin XCConfigurationList section */
		1DEB922208733DC00010E9CD /* Build configuration list for PBXProject "ParseFacebookUtilsTvOS" */ = {
			isa = XCConfigurationList;
			buildConfigurations = (
				1DEB922308733DC00010E9CD /* Debug */,
				1DEB922408733DC00010E9CD /* Release */,
			);
			defaultConfigurationIsVisible = 0;
			defaultConfigurationName = Release;
		};
		4AAEAA8D200C022300AA7479 /* Build configuration list for PBXNativeTarget "ParseFacebookUtilsTvOS-Dynamic" */ = {
			isa = XCConfigurationList;
			buildConfigurations = (
				4AAEAA8E200C022300AA7479 /* Debug */,
				4AAEAA8F200C022300AA7479 /* Release */,
			);
			defaultConfigurationIsVisible = 0;
			defaultConfigurationName = Release;
		};
		81FE7F881C17790400E6BD34 /* Build configuration list for PBXNativeTarget "ParseFacebookUtilsTvOS" */ = {
			isa = XCConfigurationList;
			buildConfigurations = (
				81FE7F891C17790400E6BD34 /* Debug */,
				81FE7F8A1C17790400E6BD34 /* Release */,
			);
			defaultConfigurationIsVisible = 0;
			defaultConfigurationName = Release;
		};
/* End XCConfigurationList section */
	};
	rootObject = 0867D690FE84028FC02AAC07 /* Project object */;
}
